
Microsoft Visual Studio Solution File, Format Version 12.00
# Visual Studio Version 17
VisualStudioVersion = 17.11.35303.130
MinimumVisualStudioVersion = 10.0.40219.1
Project("{2150E333-8FDC-42A3-9474-1A3956D46DE8}") = "Task0", "Task0", "{FE220188-3302-45D0-B0EA-18D00233E6E4}"
EndProject
Project("{9A19103F-16F7-4668-BE54-9A1E7A4F7556}") = "Tyuiu.KalashnikovPI.Sprint0.Task0.V0", "Tyuiu.KalashnikovPI.Sprint0.Task0.V0\Tyuiu.KalashnikovPI.Sprint0.Task0.V0.csproj", "{35B6A43F-B37E-40D1-A922-BF087DC80684}"
EndProject
Project("{2150E333-8FDC-42A3-9474-1A3956D46DE8}") = "Task1", "Task1", "{4BDC322E-7595-4E6E-9A5F-588A599313AF}"
EndProject
Project("{9A19103F-16F7-4668-BE54-9A1E7A4F7556}") = "Tyuiu.KalashnikovPI.Sprint0.Task1.V0", "Tyuiu.KalashnikovPI.Sprint0.Task1.V0\Tyuiu.KalashnikovPI.Sprint0.Task1.V0.csproj", "{E8C6B505-084D-4B59-93C4-DC5DB2A964C9}"
EndProject
Project("{2150E333-8FDC-42A3-9474-1A3956D46DE8}") = "Task2", "Task2", "{5EBE9468-9BDD-4D44-B4DD-78EFFA66F3BB}"
EndProject
Project("{9A19103F-16F7-4668-BE54-9A1E7A4F7556}") = "Tyuiu.KalashnikovPI.Sprint0.Task2.V0", "Tyuiu.KalashnikovPI.Sprint0.Task2.V0\Tyuiu.KalashnikovPI.Sprint0.Task2.V0.csproj", "{6121AB0C-0CFC-4918-AECC-6B7970BB98A6}"
EndProject
Project("{9A19103F-16F7-4668-BE54-9A1E7A4F7556}") = "Tyuiu.KalashnikovPI.Sprint0.Task2.V0.Lib", "Tyuiu.KalashnikovPI.Sprint0.Task2.V0.Lib\Tyuiu.KalashnikovPI.Sprint0.Task2.V0.Lib.csproj", "{D4C6BD76-40CD-4DEB-9228-7045B975ADE2}"
EndProject
Project("{9A19103F-16F7-4668-BE54-9A1E7A4F7556}") = "Tyuiu.KalashnikovPI.Sprint0.Task2.V0.Test", "Tyuiu.KalashnikovPI.Sprint0.Task2.V0.Test\Tyuiu.KalashnikovPI.Sprint0.Task2.V0.Test.csproj", "{D732567A-D108-4B96-B6A6-47069C64362B}"
EndProject
Project("{2150E333-8FDC-42A3-9474-1A3956D46DE8}") = "Task3", "Task3", "{2B92E070-50F2-48EA-A8D9-0E90FAC6B844}"
EndProject
Project("{9A19103F-16F7-4668-BE54-9A1E7A4F7556}") = "Tyuiu.KalashnikovPI.Spirnt0.Task3.V0", "Tyuiu.KalashnikovPI.Spirnt0.Task3.V0\Tyuiu.KalashnikovPI.Spirnt0.Task3.V0.csproj", "{F6132E6A-BD70-492B-A7C6-B08E7BFC6B17}"
EndProject
Project("{9A19103F-16F7-4668-BE54-9A1E7A4F7556}") = "Tyuiu.KalashnikovPI.Sprint0.Task3.V0.Lib", "Tyuiu.KalashnikovPI.Sprint0.Task3.V0.Lib\Tyuiu.KalashnikovPI.Sprint0.Task3.V0.Lib.csproj", "{4717891C-489F-430F-AEF3-4E6AE66F8234}"
EndProject
Project("{9A19103F-16F7-4668-BE54-9A1E7A4F7556}") = "Tyuiu.KalashnikovPI.Sprint0.Task3.V0.Test", "Tyuiu.KalashnikovPI.Sprint0.Task3.V0.Test\Tyuiu.KalashnikovPI.Sprint0.Task3.V0.Test.csproj", "{BC9D7186-D56C-4596-9DF4-738930FE1DD9}"
EndProject
Project("{2150E333-8FDC-42A3-9474-1A3956D46DE8}") = "Task4", "Task4", "{D56A65E4-1A52-4837-B9BC-6D49F1F9959A}"
EndProject
Project("{FAE04EC0-301F-11D3-BF4B-00C04F79EFBC}") = "Tyuiu.KalashnikovPI.Sprint0.Task4.V0", "Tyuiu.KalashnikovPI.Sprint0.Task4.V0\Tyuiu.KalashnikovPI.Sprint0.Task4.V0.csproj", "{6E705578-436C-4B51-9A13-E1C002E2CBCD}"
EndProject
Project("{FAE04EC0-301F-11D3-BF4B-00C04F79EFBC}") = "Tyuiu.KalashnikovPI.Sprint0.Task4.V0.Lib", "Tyuiu.KalashnikovPI.Sprint0.Task4.V0.Lib\Tyuiu.KalashnikovPI.Sprint0.Task4.V0.Lib.csproj", "{5FE8BB9B-4998-405E-AB91-385F06D13762}"
EndProject
Project("{FAE04EC0-301F-11D3-BF4B-00C04F79EFBC}") = "Tyuiu.KalashnikovPI.Sprint0.Task4.V0.Test", "Tyuiu.KalashnikovPI.Sprint0.Task4.V0.Test\Tyuiu.KalashnikovPI.Sprint0.Task4.V0.Test.csproj", "{37D215D5-D6E7-4BB8-9B36-BE31DCDE0CE1}"
EndProject
Project("{2150E333-8FDC-42A3-9474-1A3956D46DE8}") = "Task5", "Task5", "{F333ADF6-8A51-47C7-91A6-15B91E41182C}"
EndProject
Project("{FAE04EC0-301F-11D3-BF4B-00C04F79EFBC}") = "Tyuiu.KalashnikovPI.Sprint0.Task5.V0", "Tyuiu.KalashnikovPI.Sprint0.Task5.V0\Tyuiu.KalashnikovPI.Sprint0.Task5.V0.csproj", "{E13BFCB1-9C76-42AB-B34F-A5CAF9D0D7F5}"
EndProject
Project("{FAE04EC0-301F-11D3-BF4B-00C04F79EFBC}") = "Tyuiu.KalashnikovPI.Sprint0.Task5.V0.Lib", "Tyuiu.KalashnikovPI.Sprint0.Task5.V0.Lib\Tyuiu.KalashnikovPI.Sprint0.Task5.V0.Lib.csproj", "{25472BF1-BEE8-4C2F-BBF4-3BEE4ABC405D}"
EndProject
Project("{FAE04EC0-301F-11D3-BF4B-00C04F79EFBC}") = "Tyuiu.KalashnikovPI.Sprint0.Task5.V0.Test", "Tyuiu.KalashnikovPI.Sprint0.Task5.V0.Test\Tyuiu.KalashnikovPI.Sprint0.Task5.V0.Test.csproj", "{6E294246-C841-4427-8AAF-683BB532497B}"
EndProject
Global
	GlobalSection(SolutionConfigurationPlatforms) = preSolution
		Debug|Any CPU = Debug|Any CPU
		Release|Any CPU = Release|Any CPU
	EndGlobalSection
	GlobalSection(ProjectConfigurationPlatforms) = postSolution
		{35B6A43F-B37E-40D1-A922-BF087DC80684}.Debug|Any CPU.ActiveCfg = Debug|Any CPU
		{35B6A43F-B37E-40D1-A922-BF087DC80684}.Debug|Any CPU.Build.0 = Debug|Any CPU
		{35B6A43F-B37E-40D1-A922-BF087DC80684}.Release|Any CPU.ActiveCfg = Release|Any CPU
		{35B6A43F-B37E-40D1-A922-BF087DC80684}.Release|Any CPU.Build.0 = Release|Any CPU
		{E8C6B505-084D-4B59-93C4-DC5DB2A964C9}.Debug|Any CPU.ActiveCfg = Debug|Any CPU
		{E8C6B505-084D-4B59-93C4-DC5DB2A964C9}.Debug|Any CPU.Build.0 = Debug|Any CPU
		{E8C6B505-084D-4B59-93C4-DC5DB2A964C9}.Release|Any CPU.ActiveCfg = Release|Any CPU
		{E8C6B505-084D-4B59-93C4-DC5DB2A964C9}.Release|Any CPU.Build.0 = Release|Any CPU
		{6121AB0C-0CFC-4918-AECC-6B7970BB98A6}.Debug|Any CPU.ActiveCfg = Debug|Any CPU
		{6121AB0C-0CFC-4918-AECC-6B7970BB98A6}.Debug|Any CPU.Build.0 = Debug|Any CPU
		{6121AB0C-0CFC-4918-AECC-6B7970BB98A6}.Release|Any CPU.ActiveCfg = Release|Any CPU
		{6121AB0C-0CFC-4918-AECC-6B7970BB98A6}.Release|Any CPU.Build.0 = Release|Any CPU
		{D4C6BD76-40CD-4DEB-9228-7045B975ADE2}.Debug|Any CPU.ActiveCfg = Debug|Any CPU
		{D4C6BD76-40CD-4DEB-9228-7045B975ADE2}.Debug|Any CPU.Build.0 = Debug|Any CPU
		{D4C6BD76-40CD-4DEB-9228-7045B975ADE2}.Release|Any CPU.ActiveCfg = Release|Any CPU
		{D4C6BD76-40CD-4DEB-9228-7045B975ADE2}.Release|Any CPU.Build.0 = Release|Any CPU
		{D732567A-D108-4B96-B6A6-47069C64362B}.Debug|Any CPU.ActiveCfg = Debug|Any CPU
		{D732567A-D108-4B96-B6A6-47069C64362B}.Debug|Any CPU.Build.0 = Debug|Any CPU
		{D732567A-D108-4B96-B6A6-47069C64362B}.Release|Any CPU.ActiveCfg = Release|Any CPU
		{D732567A-D108-4B96-B6A6-47069C64362B}.Release|Any CPU.Build.0 = Release|Any CPU
		{F6132E6A-BD70-492B-A7C6-B08E7BFC6B17}.Debug|Any CPU.ActiveCfg = Debug|Any CPU
		{F6132E6A-BD70-492B-A7C6-B08E7BFC6B17}.Debug|Any CPU.Build.0 = Debug|Any CPU
		{F6132E6A-BD70-492B-A7C6-B08E7BFC6B17}.Release|Any CPU.ActiveCfg = Release|Any CPU
		{F6132E6A-BD70-492B-A7C6-B08E7BFC6B17}.Release|Any CPU.Build.0 = Release|Any CPU
		{4717891C-489F-430F-AEF3-4E6AE66F8234}.Debug|Any CPU.ActiveCfg = Debug|Any CPU
		{4717891C-489F-430F-AEF3-4E6AE66F8234}.Debug|Any CPU.Build.0 = Debug|Any CPU
		{4717891C-489F-430F-AEF3-4E6AE66F8234}.Release|Any CPU.ActiveCfg = Release|Any CPU
		{4717891C-489F-430F-AEF3-4E6AE66F8234}.Release|Any CPU.Build.0 = Release|Any CPU
		{BC9D7186-D56C-4596-9DF4-738930FE1DD9}.Debug|Any CPU.ActiveCfg = Debug|Any CPU
		{BC9D7186-D56C-4596-9DF4-738930FE1DD9}.Debug|Any CPU.Build.0 = Debug|Any CPU
		{BC9D7186-D56C-4596-9DF4-738930FE1DD9}.Release|Any CPU.ActiveCfg = Release|Any CPU
		{BC9D7186-D56C-4596-9DF4-738930FE1DD9}.Release|Any CPU.Build.0 = Release|Any CPU
		{6E705578-436C-4B51-9A13-E1C002E2CBCD}.Debug|Any CPU.ActiveCfg = Debug|Any CPU
		{6E705578-436C-4B51-9A13-E1C002E2CBCD}.Debug|Any CPU.Build.0 = Debug|Any CPU
		{6E705578-436C-4B51-9A13-E1C002E2CBCD}.Release|Any CPU.ActiveCfg = Release|Any CPU
		{6E705578-436C-4B51-9A13-E1C002E2CBCD}.Release|Any CPU.Build.0 = Release|Any CPU
		{5FE8BB9B-4998-405E-AB91-385F06D13762}.Debug|Any CPU.ActiveCfg = Debug|Any CPU
		{5FE8BB9B-4998-405E-AB91-385F06D13762}.Debug|Any CPU.Build.0 = Debug|Any CPU
		{5FE8BB9B-4998-405E-AB91-385F06D13762}.Release|Any CPU.ActiveCfg = Release|Any CPU
		{5FE8BB9B-4998-405E-AB91-385F06D13762}.Release|Any CPU.Build.0 = Release|Any CPU
		{37D215D5-D6E7-4BB8-9B36-BE31DCDE0CE1}.Debug|Any CPU.ActiveCfg = Debug|Any CPU
		{37D215D5-D6E7-4BB8-9B36-BE31DCDE0CE1}.Debug|Any CPU.Build.0 = Debug|Any CPU
		{37D215D5-D6E7-4BB8-9B36-BE31DCDE0CE1}.Release|Any CPU.ActiveCfg = Release|Any CPU
		{37D215D5-D6E7-4BB8-9B36-BE31DCDE0CE1}.Release|Any CPU.Build.0 = Release|Any CPU
		{E13BFCB1-9C76-42AB-B34F-A5CAF9D0D7F5}.Debug|Any CPU.ActiveCfg = Debug|Any CPU
		{E13BFCB1-9C76-42AB-B34F-A5CAF9D0D7F5}.Debug|Any CPU.Build.0 = Debug|Any CPU
		{E13BFCB1-9C76-42AB-B34F-A5CAF9D0D7F5}.Release|Any CPU.ActiveCfg = Release|Any CPU
		{E13BFCB1-9C76-42AB-B34F-A5CAF9D0D7F5}.Release|Any CPU.Build.0 = Release|Any CPU
		{25472BF1-BEE8-4C2F-BBF4-3BEE4ABC405D}.Debug|Any CPU.ActiveCfg = Debug|Any CPU
		{25472BF1-BEE8-4C2F-BBF4-3BEE4ABC405D}.Debug|Any CPU.Build.0 = Debug|Any CPU
		{25472BF1-BEE8-4C2F-BBF4-3BEE4ABC405D}.Release|Any CPU.ActiveCfg = Release|Any CPU
		{25472BF1-BEE8-4C2F-BBF4-3BEE4ABC405D}.Release|Any CPU.Build.0 = Release|Any CPU
		{6E294246-C841-4427-8AAF-683BB532497B}.Debug|Any CPU.ActiveCfg = Debug|Any CPU
		{6E294246-C841-4427-8AAF-683BB532497B}.Debug|Any CPU.Build.0 = Debug|Any CPU
		{6E294246-C841-4427-8AAF-683BB532497B}.Release|Any CPU.ActiveCfg = Release|Any CPU
		{6E294246-C841-4427-8AAF-683BB532497B}.Release|Any CPU.Build.0 = Release|Any CPU
	EndGlobalSection
	GlobalSection(SolutionProperties) = preSolution
		HideSolutionNode = FALSE
	EndGlobalSection
	GlobalSection(NestedProjects) = preSolution
		{35B6A43F-B37E-40D1-A922-BF087DC80684} = {FE220188-3302-45D0-B0EA-18D00233E6E4}
		{E8C6B505-084D-4B59-93C4-DC5DB2A964C9} = {4BDC322E-7595-4E6E-9A5F-588A599313AF}
		{6121AB0C-0CFC-4918-AECC-6B7970BB98A6} = {5EBE9468-9BDD-4D44-B4DD-78EFFA66F3BB}
		{D4C6BD76-40CD-4DEB-9228-7045B975ADE2} = {5EBE9468-9BDD-4D44-B4DD-78EFFA66F3BB}
		{D732567A-D108-4B96-B6A6-47069C64362B} = {5EBE9468-9BDD-4D44-B4DD-78EFFA66F3BB}
		{F6132E6A-BD70-492B-A7C6-B08E7BFC6B17} = {2B92E070-50F2-48EA-A8D9-0E90FAC6B844}
		{4717891C-489F-430F-AEF3-4E6AE66F8234} = {2B92E070-50F2-48EA-A8D9-0E90FAC6B844}
		{BC9D7186-D56C-4596-9DF4-738930FE1DD9} = {2B92E070-50F2-48EA-A8D9-0E90FAC6B844}
		{6E705578-436C-4B51-9A13-E1C002E2CBCD} = {D56A65E4-1A52-4837-B9BC-6D49F1F9959A}
		{5FE8BB9B-4998-405E-AB91-385F06D13762} = {D56A65E4-1A52-4837-B9BC-6D49F1F9959A}
		{37D215D5-D6E7-4BB8-9B36-BE31DCDE0CE1} = {D56A65E4-1A52-4837-B9BC-6D49F1F9959A}
		{E13BFCB1-9C76-42AB-B34F-A5CAF9D0D7F5} = {F333ADF6-8A51-47C7-91A6-15B91E41182C}
		{25472BF1-BEE8-4C2F-BBF4-3BEE4ABC405D} = {F333ADF6-8A51-47C7-91A6-15B91E41182C}
		{6E294246-C841-4427-8AAF-683BB532497B} = {F333ADF6-8A51-47C7-91A6-15B91E41182C}
	EndGlobalSection
	GlobalSection(ExtensibilityGlobals) = postSolution
		SolutionGuid = {6FE15762-F219-4F09-9957-08BF1B3D13AD}
	EndGlobalSection
EndGlobal
